
Microsoft Visual Studio Solution File, Format Version 11.00
# Visual Studio 2010
Project("{FAE04EC0-301F-11D3-BF4B-00C04F79EFBC}") = "fps.UI", "fps.UI.csproj", "{324c63b7-954f-f17e-fd08-334897323565}"
EndProject
Project("{FAE04EC0-301F-11D3-BF4B-00C04F79EFBC}") = "fps.Game", "fps.Game.csproj", "{6374f595-7435-a97d-26b9-a4dc2360206b}"
EndProject
Project("{FAE04EC0-301F-11D3-BF4B-00C04F79EFBC}") = "fps.AI", "fps.AI.csproj", "{f68481ec-8c26-4786-054e-55964e9941d7}"
EndProject
Project("{FAE04EC0-301F-11D3-BF4B-00C04F79EFBC}") = "fps.Gameplay", "fps.Gameplay.csproj", "{33da20a0-7c36-ea0c-98ce-8a200e72cbc3}"
EndProject
Project("{FAE04EC0-301F-11D3-BF4B-00C04F79EFBC}") = "NavMeshComponents", "NavMeshComponents.csproj", "{980ec929-0f69-8156-4072-3c15a3167677}"
EndProject
Project("{FAE04EC0-301F-11D3-BF4B-00C04F79EFBC}") = "Unity.FPS.Tutorials", "Unity.FPS.Tutorials.csproj", "{cb88e0da-9440-98d0-3f8e-66613a716c0c}"
EndProject
Project("{FAE04EC0-301F-11D3-BF4B-00C04F79EFBC}") = "Unity.Microgame.Tutorials", "Unity.Microgame.Tutorials.csproj", "{42eca3e4-693a-52e5-3726-fdc0ac8580c0}"
EndProject
Project("{FAE04EC0-301F-11D3-BF4B-00C04F79EFBC}") = "fps.Editor", "fps.Editor.csproj", "{29d713ed-c469-0829-63f0-79aee617afda}"
EndProject
Project("{FAE04EC0-301F-11D3-BF4B-00C04F79EFBC}") = "NavMeshComponentsEditor", "NavMeshComponentsEditor.csproj", "{4fcce7db-fa3c-543f-1cd2-04ba18a299b4}"
EndProject
Global
	GlobalSection(SolutionConfigurationPlatforms) = preSolution
		Debug|Any CPU = Debug|Any CPU
	EndGlobalSection
	GlobalSection(ProjectConfigurationPlatforms) = postSolution
		{324c63b7-954f-f17e-fd08-334897323565}.Debug|Any CPU.ActiveCfg = Debug|Any CPU
		{324c63b7-954f-f17e-fd08-334897323565}.Debug|Any CPU.Build.0 = Debug|Any CPU
		{6374f595-7435-a97d-26b9-a4dc2360206b}.Debug|Any CPU.ActiveCfg = Debug|Any CPU
		{6374f595-7435-a97d-26b9-a4dc2360206b}.Debug|Any CPU.Build.0 = Debug|Any CPU
		{f68481ec-8c26-4786-054e-55964e9941d7}.Debug|Any CPU.ActiveCfg = Debug|Any CPU
		{f68481ec-8c26-4786-054e-55964e9941d7}.Debug|Any CPU.Build.0 = Debug|Any CPU
		{33da20a0-7c36-ea0c-98ce-8a200e72cbc3}.Debug|Any CPU.ActiveCfg = Debug|Any CPU
		{33da20a0-7c36-ea0c-98ce-8a200e72cbc3}.Debug|Any CPU.Build.0 = Debug|Any CPU
		{980ec929-0f69-8156-4072-3c15a3167677}.Debug|Any CPU.ActiveCfg = Debug|Any CPU
		{980ec929-0f69-8156-4072-3c15a3167677}.Debug|Any CPU.Build.0 = Debug|Any CPU
		{cb88e0da-9440-98d0-3f8e-66613a716c0c}.Debug|Any CPU.ActiveCfg = Debug|Any CPU
		{cb88e0da-9440-98d0-3f8e-66613a716c0c}.Debug|Any CPU.Build.0 = Debug|Any CPU
		{42eca3e4-693a-52e5-3726-fdc0ac8580c0}.Debug|Any CPU.ActiveCfg = Debug|Any CPU
		{42eca3e4-693a-52e5-3726-fdc0ac8580c0}.Debug|Any CPU.Build.0 = Debug|Any CPU
		{29d713ed-c469-0829-63f0-79aee617afda}.Debug|Any CPU.ActiveCfg = Debug|Any CPU
		{29d713ed-c469-0829-63f0-79aee617afda}.Debug|Any CPU.Build.0 = Debug|Any CPU
		{4fcce7db-fa3c-543f-1cd2-04ba18a299b4}.Debug|Any CPU.ActiveCfg = Debug|Any CPU
		{4fcce7db-fa3c-543f-1cd2-04ba18a299b4}.Debug|Any CPU.Build.0 = Debug|Any CPU
	EndGlobalSection
	GlobalSection(SolutionProperties) = preSolution
		HideSolutionNode = FALSE
	EndGlobalSection
EndGlobal
